// !$*UTF8*$!
{
	archiveVersion = 1;
	classes = {
	};
	objectVersion = 46;
	objects = {

/* Begin PBXBuildFile section */
		3745C94F1D2BAF5300CB9676 /* AppDelegate.swift in Sources */ = {isa = PBXBuildFile; fileRef = 3745C94E1D2BAF5300CB9676 /* AppDelegate.swift */; };
		3745C9511D2BAF5300CB9676 /* ViewController.swift in Sources */ = {isa = PBXBuildFile; fileRef = 3745C9501D2BAF5300CB9676 /* ViewController.swift */; };
		3745C9541D2BAF5300CB9676 /* Main.storyboard in Resources */ = {isa = PBXBuildFile; fileRef = 3745C9521D2BAF5300CB9676 /* Main.storyboard */; };
		3745C9571D2BAF5300CB9676 /* DemoCoreData.xcdatamodeld in Sources */ = {isa = PBXBuildFile; fileRef = 3745C9551D2BAF5300CB9676 /* DemoCoreData.xcdatamodeld */; };
		3745C9591D2BAF5400CB9676 /* Assets.xcassets in Resources */ = {isa = PBXBuildFile; fileRef = 3745C9581D2BAF5400CB9676 /* Assets.xcassets */; };
		3745C95C1D2BAF5400CB9676 /* LaunchScreen.storyboard in Resources */ = {isa = PBXBuildFile; fileRef = 3745C95A1D2BAF5400CB9676 /* LaunchScreen.storyboard */; };
		3745C9671D2BAF5400CB9676 /* DemoCoreDataTests.swift in Sources */ = {isa = PBXBuildFile; fileRef = 3745C9661D2BAF5400CB9676 /* DemoCoreDataTests.swift */; };
		3745C9721D2BAF5400CB9676 /* DemoCoreDataUITests.swift in Sources */ = {isa = PBXBuildFile; fileRef = 3745C9711D2BAF5400CB9676 /* DemoCoreDataUITests.swift */; };
		3745C9801D2BD12600CB9676 /* Person.swift in Sources */ = {isa = PBXBuildFile; fileRef = 3745C97F1D2BD12600CB9676 /* Person.swift */; };
/* End PBXBuildFile section */

/* Begin PBXContainerItemProxy section */
		3745C9631D2BAF5400CB9676 /* PBXContainerItemProxy */ = {
			isa = PBXContainerItemProxy;
			containerPortal = 3745C9431D2BAF5200CB9676 /* Project object */;
			proxyType = 1;
			remoteGlobalIDString = 3745C94A1D2BAF5300CB9676;
			remoteInfo = DemoCoreData;
		};
		3745C96E1D2BAF5400CB9676 /* PBXContainerItemProxy */ = {
			isa = PBXContainerItemProxy;
			containerPortal = 3745C9431D2BAF5200CB9676 /* Project object */;
			proxyType = 1;
			remoteGlobalIDString = 3745C94A1D2BAF5300CB9676;
			remoteInfo = DemoCoreData;
		};
/* End PBXContainerItemProxy section */

/* Begin PBXFileReference section */
		3745C94B1D2BAF5300CB9676 /* DemoCoreData.app */ = {isa = PBXFileReference; explicitFileType = wrapper.application; includeInIndex = 0; path = DemoCoreData.app; sourceTree = BUILT_PRODUCTS_DIR; };
		3745C94E1D2BAF5300CB9676 /* AppDelegate.swift */ = {isa = PBXFileReference; lastKnownFileType = sourcecode.swift; path = AppDelegate.swift; sourceTree = "<group>"; };
		3745C9501D2BAF5300CB9676 /* ViewController.swift */ = {isa = PBXFileReference; lastKnownFileType = sourcecode.swift; path = ViewController.swift; sourceTree = "<group>"; };
		3745C9531D2BAF5300CB9676 /* Base */ = {isa = PBXFileReference; lastKnownFileType = file.storyboard; name = Base; path = Base.lproj/Main.storyboard; sourceTree = "<group>"; };
		3745C9561D2BAF5300CB9676 /* DemoCoreData.xcdatamodel */ = {isa = PBXFileReference; lastKnownFileType = wrapper.xcdatamodel; path = DemoCoreData.xcdatamodel; sourceTree = "<group>"; };
		3745C9581D2BAF5400CB9676 /* Assets.xcassets */ = {isa = PBXFileReference; lastKnownFileType = folder.assetcatalog; path = Assets.xcassets; sourceTree = "<group>"; };
		3745C95B1D2BAF5400CB9676 /* Base */ = {isa = PBXFileReference; lastKnownFileType = file.storyboard; name = Base; path = Base.lproj/LaunchScreen.storyboard; sourceTree = "<group>"; };
		3745C95D1D2BAF5400CB9676 /* Info.plist */ = {isa = PBXFileReference; lastKnownFileType = text.plist.xml; path = Info.plist; sourceTree = "<group>"; };
		3745C9621D2BAF5400CB9676 /* DemoCoreDataTests.xctest */ = {isa = PBXFileReference; explicitFileType = wrapper.cfbundle; includeInIndex = 0; path = DemoCoreDataTests.xctest; sourceTree = BUILT_PRODUCTS_DIR; };
		3745C9661D2BAF5400CB9676 /* DemoCoreDataTests.swift */ = {isa = PBXFileReference; lastKnownFileType = sourcecode.swift; path = DemoCoreDataTests.swift; sourceTree = "<group>"; };
		3745C9681D2BAF5400CB9676 /* Info.plist */ = {isa = PBXFileReference; lastKnownFileType = text.plist.xml; path = Info.plist; sourceTree = "<group>"; };
		3745C96D1D2BAF5400CB9676 /* DemoCoreDataUITests.xctest */ = {isa = PBXFileReference; explicitFileType = wrapper.cfbundle; includeInIndex = 0; path = DemoCoreDataUITests.xctest; sourceTree = BUILT_PRODUCTS_DIR; };
		3745C9711D2BAF5400CB9676 /* DemoCoreDataUITests.swift */ = {isa = PBXFileReference; lastKnownFileType = sourcecode.swift; path = DemoCoreDataUITests.swift; sourceTree = "<group>"; };
		3745C9731D2BAF5400CB9676 /* Info.plist */ = {isa = PBXFileReference; lastKnownFileType = text.plist.xml; path = Info.plist; sourceTree = "<group>"; };
		3745C97F1D2BD12600CB9676 /* Person.swift */ = {isa = PBXFileReference; fileEncoding = 4; lastKnownFileType = sourcecode.swift; path = Person.swift; sourceTree = "<group>"; };
/* End PBXFileReference section */

/* Begin PBXFrameworksBuildPhase section */
		3745C9481D2BAF5300CB9676 /* Frameworks */ = {
			isa = PBXFrameworksBuildPhase;
			buildActionMask = 2147483647;
			files = (
			);
			runOnlyForDeploymentPostprocessing = 0;
		};
		3745C95F1D2BAF5400CB9676 /* Frameworks */ = {
			isa = PBXFrameworksBuildPhase;
			buildActionMask = 2147483647;
			files = (
			);
			runOnlyForDeploymentPostprocessing = 0;
		};
		3745C96A1D2BAF5400CB9676 /* Frameworks */ = {
			isa = PBXFrameworksBuildPhase;
			buildActionMask = 2147483647;
			files = (
			);
			runOnlyForDeploymentPostprocessing = 0;
		};
/* End PBXFrameworksBuildPhase section */

/* Begin PBXGroup section */
		3745C9421D2BAF5200CB9676 = {
			isa = PBXGroup;
			children = (
				3745C94D1D2BAF5300CB9676 /* DemoCoreData */,
				3745C9651D2BAF5400CB9676 /* DemoCoreDataTests */,
				3745C9701D2BAF5400CB9676 /* DemoCoreDataUITests */,
				3745C94C1D2BAF5300CB9676 /* Products */,
			);
			sourceTree = "<group>";
		};
		3745C94C1D2BAF5300CB9676 /* Products */ = {
			isa = PBXGroup;
			children = (
				3745C94B1D2BAF5300CB9676 /* DemoCoreData.app */,
				3745C9621D2BAF5400CB9676 /* DemoCoreDataTests.xctest */,
				3745C96D1D2BAF5400CB9676 /* DemoCoreDataUITests.xctest */,
			);
			name = Products;
			sourceTree = "<group>";
		};
		3745C94D1D2BAF5300CB9676 /* DemoCoreData */ = {
			isa = PBXGroup;
			children = (
				3745C94E1D2BAF5300CB9676 /* AppDelegate.swift */,
				3745C9501D2BAF5300CB9676 /* ViewController.swift */,
				3745C97F1D2BD12600CB9676 /* Person.swift */,
				3745C9521D2BAF5300CB9676 /* Main.storyboard */,
				3745C9581D2BAF5400CB9676 /* Assets.xcassets */,
				3745C95A1D2BAF5400CB9676 /* LaunchScreen.storyboard */,
				3745C95D1D2BAF5400CB9676 /* Info.plist */,
				3745C9551D2BAF5300CB9676 /* DemoCoreData.xcdatamodeld */,
			);
			path = DemoCoreData;
			sourceTree = "<group>";
		};
		3745C9651D2BAF5400CB9676 /* DemoCoreDataTests */ = {
			isa = PBXGroup;
			children = (
				3745C9661D2BAF5400CB9676 /* DemoCoreDataTests.swift */,
				3745C9681D2BAF5400CB9676 /* Info.plist */,
			);
			path = DemoCoreDataTests;
			sourceTree = "<group>";
		};
		3745C9701D2BAF5400CB9676 /* DemoCoreDataUITests */ = {
			isa = PBXGroup;
			children = (
				3745C9711D2BAF5400CB9676 /* DemoCoreDataUITests.swift */,
				3745C9731D2BAF5400CB9676 /* Info.plist */,
			);
			path = DemoCoreDataUITests;
			sourceTree = "<group>";
		};
/* End PBXGroup section */

/* Begin PBXNativeTarget section */
		3745C94A1D2BAF5300CB9676 /* DemoCoreData */ = {
			isa = PBXNativeTarget;
			buildConfigurationList = 3745C9761D2BAF5400CB9676 /* Build configuration list for PBXNativeTarget "DemoCoreData" */;
			buildPhases = (
				3745C9471D2BAF5300CB9676 /* Sources */,
				3745C9481D2BAF5300CB9676 /* Frameworks */,
				3745C9491D2BAF5300CB9676 /* Resources */,
			);
			buildRules = (
			);
			dependencies = (
			);
			name = DemoCoreData;
			productName = DemoCoreData;
			productReference = 3745C94B1D2BAF5300CB9676 /* DemoCoreData.app */;
			productType = "com.apple.product-type.application";
		};
		3745C9611D2BAF5400CB9676 /* DemoCoreDataTests */ = {
			isa = PBXNativeTarget;
			buildConfigurationList = 3745C9791D2BAF5400CB9676 /* Build configuration list for PBXNativeTarget "DemoCoreDataTests" */;
			buildPhases = (
				3745C95E1D2BAF5400CB9676 /* Sources */,
				3745C95F1D2BAF5400CB9676 /* Frameworks */,
				3745C9601D2BAF5400CB9676 /* Resources */,
			);
			buildRules = (
			);
			dependencies = (
				3745C9641D2BAF5400CB9676 /* PBXTargetDependency */,
			);
			name = DemoCoreDataTests;
			productName = DemoCoreDataTests;
			productReference = 3745C9621D2BAF5400CB9676 /* DemoCoreDataTests.xctest */;
			productType = "com.apple.product-type.bundle.unit-test";
		};
		3745C96C1D2BAF5400CB9676 /* DemoCoreDataUITests */ = {
			isa = PBXNativeTarget;
			buildConfigurationList = 3745C97C1D2BAF5400CB9676 /* Build configuration list for PBXNativeTarget "DemoCoreDataUITests" */;
			buildPhases = (
				3745C9691D2BAF5400CB9676 /* Sources */,
				3745C96A1D2BAF5400CB9676 /* Frameworks */,
				3745C96B1D2BAF5400CB9676 /* Resources */,
			);
			buildRules = (
			);
			dependencies = (
				3745C96F1D2BAF5400CB9676 /* PBXTargetDependency */,
			);
			name = DemoCoreDataUITests;
			productName = DemoCoreDataUITests;
			productReference = 3745C96D1D2BAF5400CB9676 /* DemoCoreDataUITests.xctest */;
			productType = "com.apple.product-type.bundle.ui-testing";
		};
/* End PBXNativeTarget section */

/* Begin PBXProject section */
		3745C9431D2BAF5200CB9676 /* Project object */ = {
			isa = PBXProject;
			attributes = {
				LastSwiftUpdateCheck = 0730;
				LastUpgradeCheck = 0730;
				ORGANIZATIONNAME = kvanaMini1;
				TargetAttributes = {
					3745C94A1D2BAF5300CB9676 = {
						CreatedOnToolsVersion = 7.3.1;
					};
					3745C9611D2BAF5400CB9676 = {
						CreatedOnToolsVersion = 7.3.1;
						TestTargetID = 3745C94A1D2BAF5300CB9676;
					};
					3745C96C1D2BAF5400CB9676 = {
						CreatedOnToolsVersion = 7.3.1;
						TestTargetID = 3745C94A1D2BAF5300CB9676;
					};
				};
			};
			buildConfigurationList = 3745C9461D2BAF5200CB9676 /* Build configuration list for PBXProject "DemoCoreData" */;
			compatibilityVersion = "Xcode 3.2";
			developmentRegion = English;
			hasScannedForEncodings = 0;
			knownRegions = (
				en,
				Base,
			);
			mainGroup = 3745C9421D2BAF5200CB9676;
			productRefGroup = 3745C94C1D2BAF5300CB9676 /* Products */;
			projectDirPath = "";
			projectRoot = "";
			targets = (
				3745C94A1D2BAF5300CB9676 /* DemoCoreData */,
				3745C9611D2BAF5400CB9676 /* DemoCoreDataTests */,
				3745C96C1D2BAF5400CB9676 /* DemoCoreDataUITests */,
			);
		};
/* End PBXProject section */

/* Begin PBXResourcesBuildPhase section */
		3745C9491D2BAF5300CB9676 /* Resources */ = {
			isa = PBXResourcesBuildPhase;
			buildActionMask = 2147483647;
			files = (
				3745C95C1D2BAF5400CB9676 /* LaunchScreen.storyboard in Resources */,
				3745C9591D2BAF5400CB9676 /* Assets.xcassets in Resources */,
				3745C9541D2BAF5300CB9676 /* Main.storyboard in Resources */,
			);
			runOnlyForDeploymentPostprocessing = 0;
		};
		3745C9601D2BAF5400CB9676 /* Resources */ = {
			isa = PBXResourcesBuildPhase;
			buildActionMask = 2147483647;
			files = (
			);
			runOnlyForDeploymentPostprocessing = 0;
		};
		3745C96B1D2BAF5400CB9676 /* Resources */ = {
			isa = PBXResourcesBuildPhase;
			buildActionMask = 2147483647;
			files = (
			);
			runOnlyForDeploymentPostprocessing = 0;
		};
/* End PBXResourcesBuildPhase section */

/* Begin PBXSourcesBuildPhase section */
		3745C9471D2BAF5300CB9676 /* Sources */ = {
			isa = PBXSourcesBuildPhase;
			buildActionMask = 2147483647;
			files = (
				3745C9511D2BAF5300CB9676 /* ViewController.swift in Sources */,
				3745C9571D2BAF5300CB9676 /* DemoCoreData.xcdatamodeld in Sources */,
				3745C9801D2BD12600CB9676 /* Person.swift in Sources */,
				3745C94F1D2BAF5300CB9676 /* AppDelegate.swift in Sources */,
			);
			runOnlyForDeploymentPostprocessing = 0;
		};
		3745C95E1D2BAF5400CB9676 /* Sources */ = {
			isa = PBXSourcesBuildPhase;
			buildActionMask = 2147483647;
			files = (
				3745C9671D2BAF5400CB9676 /* DemoCoreDataTests.swift in Sources */,
			);
			runOnlyForDeploymentPostprocessing = 0;
		};
		3745C9691D2BAF5400CB9676 /* Sources */ = {
			isa = PBXSourcesBuildPhase;
			buildActionMask = 2147483647;
			files = (
				3745C9721D2BAF5400CB9676 /* DemoCoreDataUITests.swift in Sources */,
			);
			runOnlyForDeploymentPostprocessing = 0;
		};
/* End PBXSourcesBuildPhase section */

/* Begin PBXTargetDependency section */
		3745C9641D2BAF5400CB9676 /* PBXTargetDependency */ = {
			isa = PBXTargetDependency;
			target = 3745C94A1D2BAF5300CB9676 /* DemoCoreData */;
			targetProxy = 3745C9631D2BAF5400CB9676 /* PBXContainerItemProxy */;
		};
		3745C96F1D2BAF5400CB9676 /* PBXTargetDependency */ = {
			isa = PBXTargetDependency;
			target = 3745C94A1D2BAF5300CB9676 /* DemoCoreData */;
			targetProxy = 3745C96E1D2BAF5400CB9676 /* PBXContainerItemProxy */;
		};
/* End PBXTargetDependency section */

/* Begin PBXVariantGroup section */
		3745C9521D2BAF5300CB9676 /* Main.storyboard */ = {
			isa = PBXVariantGroup;
			children = (
				3745C9531D2BAF5300CB9676 /* Base */,
			);
			name = Main.storyboard;
			sourceTree = "<group>";
		};
		3745C95A1D2BAF5400CB9676 /* LaunchScreen.storyboard */ = {
			isa = PBXVariantGroup;
			children = (
				3745C95B1D2BAF5400CB9676 /* Base */,
			);
			name = LaunchScreen.storyboard;
			sourceTree = "<group>";
		};
/* End PBXVariantGroup section */

/* Begin XCBuildConfiguration section */
		3745C9741D2BAF5400CB9676 /* Debug */ = {
			isa = XCBuildConfiguration;
			buildSettings = {
				ALWAYS_SEARCH_USER_PATHS = NO;
				CLANG_ANALYZER_NONNULL = YES;
				CLANG_CXX_LANGUAGE_STANDARD = "gnu++0x";
				CLANG_CXX_LIBRARY = "libc++";
				CLANG_ENABLE_MODULES = YES;
				CLANG_ENABLE_OBJC_ARC = YES;
				CLANG_WARN_BOOL_CONVERSION = YES;
				CLANG_WARN_CONSTANT_CONVERSION = YES;
				CLANG_WARN_DIRECT_OBJC_ISA_USAGE = YES_ERROR;
				CLANG_WARN_EMPTY_BODY = YES;
				CLANG_WARN_ENUM_CONVERSION = YES;
				CLANG_WARN_INT_CONVERSION = YES;
				CLANG_WARN_OBJC_ROOT_CLASS = YES_ERROR;
				CLANG_WARN_UNREACHABLE_CODE = YES;
				CLANG_WARN__DUPLICATE_METHOD_MATCH = YES;
				"CODE_SIGN_IDENTITY[sdk=iphoneos*]" = "iPhone Developer";
				COPY_PHASE_STRIP = NO;
				DEBUG_INFORMATION_FORMAT = dwarf;
				ENABLE_STRICT_OBJC_MSGSEND = YES;
				ENABLE_TESTABILITY = YES;
				GCC_C_LANGUAGE_STANDARD = gnu99;
				GCC_DYNAMIC_NO_PIC = NO;
				GCC_NO_COMMON_BLOCKS = YES;
				GCC_OPTIMIZATION_LEVEL = 0;
				GCC_PREPROCESSOR_DEFINITIONS = (
					"DEBUG=1",
					"$(inherited)",
				);
				GCC_WARN_64_TO_32_BIT_CONVERSION = YES;
				GCC_WARN_ABOUT_RETURN_TYPE = YES_ERROR;
				GCC_WARN_UNDECLARED_SELECTOR = YES;
				GCC_WARN_UNINITIALIZED_AUTOS = YES_AGGRESSIVE;
				GCC_WARN_UNUSED_FUNCTION = YES;
				GCC_WARN_UNUSED_VARIABLE = YES;
				IPHONEOS_DEPLOYMENT_TARGET = 9.3;
				MTL_ENABLE_DEBUG_INFO = YES;
				ONLY_ACTIVE_ARCH = YES;
				SDKROOT = iphoneos;
				SWIFT_OPTIMIZATION_LEVEL = "-Onone";
				TARGETED_DEVICE_FAMILY = "1,2";
			};
			name = Debug;
		};
		3745C9751D2BAF5400CB9676 /* Release */ = {
			isa = XCBuildConfiguration;
			buildSettings = {
				ALWAYS_SEARCH_USER_PATHS = NO;
				CLANG_ANALYZER_NONNULL = YES;
				CLANG_CXX_LANGUAGE_STANDARD = "gnu++0x";
				CLANG_CXX_LIBRARY = "libc++";
				CLANG_ENABLE_MODULES = YES;
				CLANG_ENABLE_OBJC_ARC = YES;
				CLANG_WARN_BOOL_CONVERSION = YES;
				CLANG_WARN_CONSTANT_CONVERSION = YES;
				CLANG_WARN_DIRECT_OBJC_ISA_USAGE = YES_ERROR;
				CLANG_WARN_EMPTY_BODY = YES;
				CLANG_WARN_ENUM_CONVERSION = YES;
				CLANG_WARN_INT_CONVERSION = YES;
				CLANG_WARN_OBJC_ROOT_CLASS = YES_ERROR;
				CLANG_WARN_UNREACHABLE_CODE = YES;
				CLANG_WARN__DUPLICATE_METHOD_MATCH = YES;
				"CODE_SIGN_IDENTITY[sdk=iphoneos*]" = "iPhone Developer";
				COPY_PHASE_STRIP = NO;
				DEBUG_INFORMATION_FORMAT = "dwarf-with-dsym";
				ENABLE_NS_ASSERTIONS = NO;
				ENABLE_STRICT_OBJC_MSGSEND = YES;
				GCC_C_LANGUAGE_STANDARD = gnu99;
				GCC_NO_COMMON_BLOCKS = YES;
				GCC_WARN_64_TO_32_BIT_CONVERSION = YES;
				GCC_WARN_ABOUT_RETURN_TYPE = YES_ERROR;
				GCC_WARN_UNDECLARED_SELECTOR = YES;
				GCC_WARN_UNINITIALIZED_AUTOS = YES_AGGRESSIVE;
				GCC_WARN_UNUSED_FUNCTION = YES;
				GCC_WARN_UNUSED_VARIABLE = YES;
				IPHONEOS_DEPLOYMENT_TARGET = 9.3;
				MTL_ENABLE_DEBUG_INFO = NO;
				SDKROOT = iphoneos;
				TARGETED_DEVICE_FAMILY = "1,2";
				VALIDATE_PRODUCT = YES;
			};
			name = Release;
		};
		3745C9771D2BAF5400CB9676 /* Debug */ = {
			isa = XCBuildConfiguration;
			buildSettings = {
				ASSETCATALOG_COMPILER_APPICON_NAME = AppIcon;
				INFOPLIST_FILE = DemoCoreData/Info.plist;
				LD_RUNPATH_SEARCH_PATHS = "$(inherited) @executable_path/Frameworks";
				PRODUCT_BUNDLE_IDENTIFIER = com.kvana.DemoCoreData;
				PRODUCT_NAME = "$(TARGET_NAME)";
			};
			name = Debug;
		};
		3745C9781D2BAF5400CB9676 /* Release */ = {
			isa = XCBuildConfiguration;
			buildSettings = {
				ASSETCATALOG_COMPILER_APPICON_NAME = AppIcon;
				INFOPLIST_FILE = DemoCoreData/Info.plist;
				LD_RUNPATH_SEARCH_PATHS = "$(inherited) @executable_path/Frameworks";
				PRODUCT_BUNDLE_IDENTIFIER = com.kvana.DemoCoreData;
				PRODUCT_NAME = "$(TARGET_NAME)";
			};
			name = Release;
		};
		3745C97A1D2BAF5400CB9676 /* Debug */ = {
			isa = XCBuildConfiguration;
			buildSettings = {
				BUNDLE_LOADER = "$(TEST_HOST)";
				INFOPLIST_FILE = DemoCoreDataTests/Info.plist;
				LD_RUNPATH_SEARCH_PATHS = "$(inherited) @executable_path/Frameworks @loader_path/Frameworks";
				PRODUCT_BUNDLE_IDENTIFIER = com.kvana.DemoCoreDataTests;
				PRODUCT_NAME = "$(TARGET_NAME)";
				TEST_HOST = "$(BUILT_PRODUCTS_DIR)/DemoCoreData.app/DemoCoreData";
			};
			name = Debug;
		};
		3745C97B1D2BAF5400CB9676 /* Release */ = {
			isa = XCBuildConfiguration;
			buildSettings = {
				BUNDLE_LOADER = "$(TEST_HOST)";
				INFOPLIST_FILE = DemoCoreDataTests/Info.plist;
				LD_RUNPATH_SEARCH_PATHS = "$(inherited) @executable_path/Frameworks @loader_path/Frameworks";
				PRODUCT_BUNDLE_IDENTIFIER = com.kvana.DemoCoreDataTests;
				PRODUCT_NAME = "$(TARGET_NAME)";
				TEST_HOST = "$(BUILT_PRODUCTS_DIR)/DemoCoreData.app/DemoCoreData";
			};
			name = Release;
		};
		3745C97D1D2BAF5400CB9676 /* Debug */ = {
			isa = XCBuildConfiguration;
			buildSettings = {
				INFOPLIST_FILE = DemoCoreDataUITests/Info.plist;
				LD_RUNPATH_SEARCH_PATHS = "$(inherited) @executable_path/Frameworks @loader_path/Frameworks";
				PRODUCT_BUNDLE_IDENTIFIER = com.kvana.DemoCoreDataUITests;
				PRODUCT_NAME = "$(TARGET_NAME)";
				TEST_TARGET_NAME = DemoCoreData;
			};
			name = Debug;
		};
		3745C97E1D2BAF5400CB9676 /* Release */ = {
			isa = XCBuildConfiguration;
			buildSettings = {
				INFOPLIST_FILE = DemoCoreDataUITests/Info.plist;
				LD_RUNPATH_SEARCH_PATHS = "$(inherited) @executable_path/Frameworks @loader_path/Frameworks";
				PRODUCT_BUNDLE_IDENTIFIER = com.kvana.DemoCoreDataUITests;
				PRODUCT_NAME = "$(TARGET_NAME)";
				TEST_TARGET_NAME = DemoCoreData;
			};
			name = Release;
		};
/* End XCBuildConfiguration section */

/* Begin XCConfigurationList section */
		3745C9461D2BAF5200CB9676 /* Build configuration list for PBXProject "DemoCoreData" */ = {
			isa = XCConfigurationList;
			buildConfigurations = (
				3745C9741D2BAF5400CB9676 /* Debug */,
				3745C9751D2BAF5400CB9676 /* Release */,
			);
			defaultConfigurationIsVisible = 0;
			defaultConfigurationName = Release;
		};
		3745C9761D2BAF5400CB9676 /* Build configuration list for PBXNativeTarget "DemoCoreData" */ = {
			isa = XCConfigurationList;
			buildConfigurations = (
				3745C9771D2BAF5400CB9676 /* Debug */,
				3745C9781D2BAF5400CB9676 /* Release */,
			);
			defaultConfigurationIsVisible = 0;
		};
		3745C9791D2BAF5400CB9676 /* Build configuration list for PBXNativeTarget "DemoCoreDataTests" */ = {
			isa = XCConfigurationList;
			buildConfigurations = (
				3745C97A1D2BAF5400CB9676 /* Debug */,
				3745C97B1D2BAF5400CB9676 /* Release */,
			);
			defaultConfigurationIsVisible = 0;
		};
		3745C97C1D2BAF5400CB9676 /* Build configuration list for PBXNativeTarget "DemoCoreDataUITests" */ = {
			isa = XCConfigurationList;
			buildConfigurations = (
				3745C97D1D2BAF5400CB9676 /* Debug */,
				3745C97E1D2BAF5400CB9676 /* Release */,
			);
			defaultConfigurationIsVisible = 0;
		};
/* End XCConfigurationList section */

/* Begin XCVersionGroup section */
		3745C9551D2BAF5300CB9676 /* DemoCoreData.xcdatamodeld */ = {
			isa = XCVersionGroup;
			children = (
				3745C9561D2BAF5300CB9676 /* DemoCoreData.xcdatamodel */,
			);
			currentVersion = 3745C9561D2BAF5300CB9676 /* DemoCoreData.xcdatamodel */;
			path = DemoCoreData.xcdatamodeld;
			sourceTree = "<group>";
			versionGroupType = wrapper.xcdatamodel;
		};
/* End XCVersionGroup section */
	};
	rootObject = 3745C9431D2BAF5200CB9676 /* Project object */;
}
